{
  "name": "@bcrs-shared-components/date-picker",
  "version": "1.1.17",
  "lockfileVersion": 2,
  "requires": true,
  "packages": {
    "": {
      "name": "@bcrs-shared-components/date-picker",
      "version": "1.1.17",
      "dependencies": {
        "@bcrs-shared-components/interfaces": "^1.0.38",
        "vue-property-decorator": "^8.4.0"
      }
    },
    "node_modules/@bcrs-shared-components/corp-type-module": {
      "version": "1.0.7",
      "resolved": "https://registry.npmjs.org/@bcrs-shared-components/corp-type-module/-/corp-type-module-1.0.7.tgz",
      "integrity": "sha512-NdFdrkx1Pt0h3lD0lGEuZvn+zhrojRkAJGx6kwt8HUboRWoLVmEQF9aiixnmzlHcicBO6HSpESfJ/ZgHcjVS7g=="
    },
    "node_modules/@bcrs-shared-components/enums": {
      "version": "1.0.18",
      "resolved": "https://registry.npmjs.org/@bcrs-shared-components/enums/-/enums-1.0.18.tgz",
      "integrity": "sha512-RSwaXPFezXEuRacmd3UKqJw607+ea4PfAoKDm+8E5JorkbmlQ0aca7sklq1eyRCOPyseW7WLwTMKnKVoOAKtUw==",
      "dependencies": {
        "@bcrs-shared-components/corp-type-module": "^1.0.7"
      }
    },
    "node_modules/@bcrs-shared-components/interfaces": {
      "version": "1.0.38",
      "resolved": "https://registry.npmjs.org/@bcrs-shared-components/interfaces/-/interfaces-1.0.38.tgz",
      "integrity": "sha512-r7DX+Ptqzb/AkphxXRCRgwTQZGAbB/10kMcc5U2hVqL3MUIN8Q7BYAGW1nDkb7qHiB3hYoZvdiBU0cN+JCE4RA==",
      "dependencies": {
        "@bcrs-shared-components/enums": "^1.0.18",
        "vue": "2.6.12"
      }
    },
    "node_modules/@bcrs-shared-components/interfaces/node_modules/vue": {
      "version": "2.6.12",
      "resolved": "https://registry.npmjs.org/vue/-/vue-2.6.12.tgz",
      "integrity": "sha512-uhmLFETqPPNyuLLbsKz6ioJ4q7AZHzD8ZVFNATNyICSZouqP2Sz0rotWQC8UNBF6VGSCs5abnKJoStA6JbCbfg=="
    },
    "node_modules/vue": {
      "version": "2.6.14",
      "resolved": "https://registry.npmjs.org/vue/-/vue-2.6.14.tgz",
      "integrity": "sha512-x2284lgYvjOMj3Za7kqzRcUSxBboHqtgRE2zlos1qWaOye5yUmHn42LB1250NJBLRwEcdrB0JRwyPTEPhfQjiQ==",
      "peer": true
    },
    "node_modules/vue-class-component": {
      "version": "7.2.6",
      "resolved": "https://registry.npmjs.org/vue-class-component/-/vue-class-component-7.2.6.tgz",
      "integrity": "sha512-+eaQXVrAm/LldalI272PpDe3+i4mPis0ORiMYxF6Ae4hyuCh15W8Idet7wPUEs4N4YptgFHGys4UrgNQOMyO6w==",
      "peerDependencies": {
        "vue": "^2.0.0"
      }
    },
    "node_modules/vue-property-decorator": {
      "version": "8.5.1",
      "resolved": "https://registry.npmjs.org/vue-property-decorator/-/vue-property-decorator-8.5.1.tgz",
      "integrity": "sha512-O6OUN2OMsYTGPvgFtXeBU3jPnX5ffQ9V4I1WfxFQ6dqz6cOUbR3Usou7kgFpfiXDvV7dJQSFcJ5yUPgOtPPm1Q==",
      "dependencies": {
        "vue-class-component": "^7.1.0"
      },
      "peerDependencies": {
        "vue": "*"
      }
    }
  },
  "dependencies": {
    "@bcrs-shared-components/corp-type-module": {
      "version": "1.0.7",
      "resolved": "https://registry.npmjs.org/@bcrs-shared-components/corp-type-module/-/corp-type-module-1.0.7.tgz",
      "integrity": "sha512-NdFdrkx1Pt0h3lD0lGEuZvn+zhrojRkAJGx6kwt8HUboRWoLVmEQF9aiixnmzlHcicBO6HSpESfJ/ZgHcjVS7g=="
    },
    "@bcrs-shared-components/enums": {
      "version": "1.0.18",
      "resolved": "https://registry.npmjs.org/@bcrs-shared-components/enums/-/enums-1.0.18.tgz",
      "integrity": "sha512-RSwaXPFezXEuRacmd3UKqJw607+ea4PfAoKDm+8E5JorkbmlQ0aca7sklq1eyRCOPyseW7WLwTMKnKVoOAKtUw==",
      "requires": {
        "@bcrs-shared-components/corp-type-module": "^1.0.7"
      }
    },
    "@bcrs-shared-components/interfaces": {
      "version": "1.0.38",
      "resolved": "https://registry.npmjs.org/@bcrs-shared-components/interfaces/-/interfaces-1.0.38.tgz",
      "integrity": "sha512-r7DX+Ptqzb/AkphxXRCRgwTQZGAbB/10kMcc5U2hVqL3MUIN8Q7BYAGW1nDkb7qHiB3hYoZvdiBU0cN+JCE4RA==",
      "requires": {
        "@bcrs-shared-components/enums": "^1.0.18",
        "vue": "2.6.12"
      },
      "dependencies": {
        "vue": {
          "version": "2.6.12",
          "resolved": "https://registry.npmjs.org/vue/-/vue-2.6.12.tgz",
          "integrity": "sha512-uhmLFETqPPNyuLLbsKz6ioJ4q7AZHzD8ZVFNATNyICSZouqP2Sz0rotWQC8UNBF6VGSCs5abnKJoStA6JbCbfg=="
        }
      }
    },
    "vue": {
      "version": "2.6.14",
      "resolved": "https://registry.npmjs.org/vue/-/vue-2.6.14.tgz",
      "integrity": "sha512-x2284lgYvjOMj3Za7kqzRcUSxBboHqtgRE2zlos1qWaOye5yUmHn42LB1250NJBLRwEcdrB0JRwyPTEPhfQjiQ==",
      "peer": true
    },
    "vue-class-component": {
      "version": "7.2.6",
      "resolved": "https://registry.npmjs.org/vue-class-component/-/vue-class-component-7.2.6.tgz",
      "integrity": "sha512-+eaQXVrAm/LldalI272PpDe3+i4mPis0ORiMYxF6Ae4hyuCh15W8Idet7wPUEs4N4YptgFHGys4UrgNQOMyO6w==",
      "requires": {}
    },
    "vue-property-decorator": {
      "version": "8.5.1",
      "resolved": "https://registry.npmjs.org/vue-property-decorator/-/vue-property-decorator-8.5.1.tgz",
      "integrity": "sha512-O6OUN2OMsYTGPvgFtXeBU3jPnX5ffQ9V4I1WfxFQ6dqz6cOUbR3Usou7kgFpfiXDvV7dJQSFcJ5yUPgOtPPm1Q==",
      "requires": {
        "vue-class-component": "^7.1.0"
      }
    }
  }
}
